
Microsoft Visual Studio Solution File, Format Version 12.00
# Visual Studio 15
VisualStudioVersion = 15.0.28307.489
MinimumVisualStudioVersion = 10.0.40219.1
Project("{FAE04EC0-301F-11D3-BF4B-00C04F79EFBC}") = "ooad-t1-z3", "ooad-t1-z3\ooad-t1-z3.csproj", "{D3A76C0F-B9FD-48E9-B9F6-FF7433B40168}"
EndProject
Global
	GlobalSection(SolutionConfigurationPlatforms) = preSolution
		Debug|Any CPU = Debug|Any CPU
		Release|Any CPU = Release|Any CPU
	EndGlobalSection
	GlobalSection(ProjectConfigurationPlatforms) = postSolution
		{D3A76C0F-B9FD-48E9-B9F6-FF7433B40168}.Debug|Any CPU.ActiveCfg = Debug|Any CPU
		{D3A76C0F-B9FD-48E9-B9F6-FF7433B40168}.Debug|Any CPU.Build.0 = Debug|Any CPU
		{D3A76C0F-B9FD-48E9-B9F6-FF7433B40168}.Release|Any CPU.ActiveCfg = Release|Any CPU
		{D3A76C0F-B9FD-48E9-B9F6-FF7433B40168}.Release|Any CPU.Build.0 = Release|Any CPU
	EndGlobalSection
	GlobalSection(SolutionProperties) = preSolution
		HideSolutionNode = FALSE
	EndGlobalSection
	GlobalSection(ExtensibilityGlobals) = postSolution
		SolutionGuid = {785453FE-F27A-4E10-9291-FAC0A2622E9D}
	EndGlobalSection
EndGlobal
